// !$*UTF8*$!
{
	archiveVersion = 1;
	classes = {
	};
	objectVersion = 46;
	objects = {

/* Begin PBXBuildFile section */
		C33FAB44180291BD00622E5D /* CREDITSBUTTON.png in Resources */ = {isa = PBXBuildFile; fileRef = C33FAB3F180291BD00622E5D /* CREDITSBUTTON.png */; };
		C33FAB45180291BD00622E5D /* GUIDEBUTTON.png in Resources */ = {isa = PBXBuildFile; fileRef = C33FAB40180291BD00622E5D /* GUIDEBUTTON.png */; };
		C33FAB46180291BD00622E5D /* LOGO.png in Resources */ = {isa = PBXBuildFile; fileRef = C33FAB41180291BD00622E5D /* LOGO.png */; };
		C33FAB47180291BD00622E5D /* LOGO57.png in Resources */ = {isa = PBXBuildFile; fileRef = C33FAB42180291BD00622E5D /* LOGO57.png */; };
		C33FAB48180291BD00622E5D /* PLAYBUTTON.png in Resources */ = {isa = PBXBuildFile; fileRef = C33FAB43180291BD00622E5D /* PLAYBUTTON.png */; };
		C33FAB4B180291E200622E5D /* LOGO57.png in Resources */ = {isa = PBXBuildFile; fileRef = C33FAB4A180291E200622E5D /* LOGO57.png */; };
		C33FAB4D180294FE00622E5D /* credits.png in Resources */ = {isa = PBXBuildFile; fileRef = C33FAB4C180294FE00622E5D /* credits.png */; };
		C33FAB4F1802959400622E5D /* bggame.png in Resources */ = {isa = PBXBuildFile; fileRef = C33FAB4E1802959400622E5D /* bggame.png */; };
		C33FAB5318029D5C00622E5D /* guideaa 2.png in Resources */ = {isa = PBXBuildFile; fileRef = C33FAB5218029D5C00622E5D /* guideaa 2.png */; };
		C33FAB6D1803A5FF00622E5D /* archer.wav in Resources */ = {isa = PBXBuildFile; fileRef = C33FAB691803A5FF00622E5D /* archer.wav */; };
		C33FAB6E1803A5FF00622E5D /* knight.wav in Resources */ = {isa = PBXBuildFile; fileRef = C33FAB6A1803A5FF00622E5D /* knight.wav */; };
		C33FAB721803A75D00622E5D /* AudioToolbox.framework in Frameworks */ = {isa = PBXBuildFile; fileRef = C33FAB711803A75D00622E5D /* AudioToolbox.framework */; };
		C33FAB761803AB7600622E5D /* open.wav in Resources */ = {isa = PBXBuildFile; fileRef = C33FAB741803AB7600622E5D /* open.wav */; };
		C33FAB7A1803AD4100622E5D /* mg.wav in Resources */ = {isa = PBXBuildFile; fileRef = C33FAB791803AD4100622E5D /* mg.wav */; };
		C33FAB7D1803AEEB00622E5D /* die.wav in Resources */ = {isa = PBXBuildFile; fileRef = C33FAB7B1803AEEB00622E5D /* die.wav */; };
		C33FAB7E1803AEEB00622E5D /* gameover.wav in Resources */ = {isa = PBXBuildFile; fileRef = C33FAB7C1803AEEB00622E5D /* gameover.wav */; };
		C38D770A17FE9C4000BA910D /* selected_white_scout.png in Resources */ = {isa = PBXBuildFile; fileRef = C38D770917FE9C4000BA910D /* selected_white_scout.png */; };
		C3B21EAF17F2C27E0080FC92 /* scout_icon.png in Resources */ = {isa = PBXBuildFile; fileRef = C3B21E9417F2C27E0080FC92 /* scout_icon.png */; };
		C3B21EB017F2C27E0080FC92 /* black_scout.png in Resources */ = {isa = PBXBuildFile; fileRef = C3B21E9517F2C27E0080FC92 /* black_scout.png */; };
		C3B21EB117F2C27E0080FC92 /* black_knight.png in Resources */ = {isa = PBXBuildFile; fileRef = C3B21E9617F2C27E0080FC92 /* black_knight.png */; };
		C3B21EB217F2C27E0080FC92 /* black_mage.png in Resources */ = {isa = PBXBuildFile; fileRef = C3B21E9717F2C27E0080FC92 /* black_mage.png */; };
		C3B21EB317F2C27E0080FC92 /* blank.png in Resources */ = {isa = PBXBuildFile; fileRef = C3B21E9817F2C27E0080FC92 /* blank.png */; };
		C3B21EB417F2C27E0080FC92 /* damage.png in Resources */ = {isa = PBXBuildFile; fileRef = C3B21E9917F2C27E0080FC92 /* damage.png */; };
		C3B21EB517F2C27E0080FC92 /* grass.png in Resources */ = {isa = PBXBuildFile; fileRef = C3B21E9A17F2C27E0080FC92 /* grass.png */; };
		C3B21EB617F2C27E0080FC92 /* highlighted_black_scout.png in Resources */ = {isa = PBXBuildFile; fileRef = C3B21E9B17F2C27E0080FC92 /* highlighted_black_scout.png */; };
		C3B21EB717F2C27E0080FC92 /* highlighted_black_knight.png in Resources */ = {isa = PBXBuildFile; fileRef = C3B21E9C17F2C27E0080FC92 /* highlighted_black_knight.png */; };
		C3B21EB817F2C27E0080FC92 /* highlighted_black_mage.png in Resources */ = {isa = PBXBuildFile; fileRef = C3B21E9D17F2C27E0080FC92 /* highlighted_black_mage.png */; };
		C3B21EB917F2C27E0080FC92 /* highlighted_white_scout.png in Resources */ = {isa = PBXBuildFile; fileRef = C3B21E9E17F2C27E0080FC92 /* highlighted_white_scout.png */; };
		C3B21EBA17F2C27E0080FC92 /* highlighted_white_knight.png in Resources */ = {isa = PBXBuildFile; fileRef = C3B21E9F17F2C27E0080FC92 /* highlighted_white_knight.png */; };
		C3B21EBB17F2C27E0080FC92 /* highlighted_white_mage.png in Resources */ = {isa = PBXBuildFile; fileRef = C3B21EA017F2C27E0080FC92 /* highlighted_white_mage.png */; };
		C3B21EBC17F2C27E0080FC92 /* knight_icon.png in Resources */ = {isa = PBXBuildFile; fileRef = C3B21EA117F2C27E0080FC92 /* knight_icon.png */; };
		C3B21EBD17F2C27E0080FC92 /* mage_icon.png in Resources */ = {isa = PBXBuildFile; fileRef = C3B21EA217F2C27E0080FC92 /* mage_icon.png */; };
		C3B21EBE17F2C27E0080FC92 /* mana_cost.png in Resources */ = {isa = PBXBuildFile; fileRef = C3B21EA317F2C27E0080FC92 /* mana_cost.png */; };
		C3B21EBF17F2C27E0080FC92 /* move.png in Resources */ = {isa = PBXBuildFile; fileRef = C3B21EA417F2C27E0080FC92 /* move.png */; };
		C3B21EC017F2C27E0080FC92 /* range.png in Resources */ = {isa = PBXBuildFile; fileRef = C3B21EA517F2C27E0080FC92 /* range.png */; };
		C3B21EC117F2C27E0080FC92 /* selected_black_scout.png in Resources */ = {isa = PBXBuildFile; fileRef = C3B21EA617F2C27E0080FC92 /* selected_black_scout.png */; };
		C3B21EC217F2C27E0080FC92 /* selected_black_knight.png in Resources */ = {isa = PBXBuildFile; fileRef = C3B21EA717F2C27E0080FC92 /* selected_black_knight.png */; };
		C3B21EC317F2C27E0080FC92 /* selected_black_mage.png in Resources */ = {isa = PBXBuildFile; fileRef = C3B21EA817F2C27E0080FC92 /* selected_black_mage.png */; };
		C3B21EC517F2C27E0080FC92 /* selected_white_knight.png in Resources */ = {isa = PBXBuildFile; fileRef = C3B21EAA17F2C27E0080FC92 /* selected_white_knight.png */; };
		C3B21EC617F2C27E0080FC92 /* selected_white_mage.png in Resources */ = {isa = PBXBuildFile; fileRef = C3B21EAB17F2C27E0080FC92 /* selected_white_mage.png */; };
		C3B21EC717F2C27E0080FC92 /* white_scout.png in Resources */ = {isa = PBXBuildFile; fileRef = C3B21EAC17F2C27E0080FC92 /* white_scout.png */; };
		C3B21EC817F2C27E0080FC92 /* white_knight.png in Resources */ = {isa = PBXBuildFile; fileRef = C3B21EAD17F2C27E0080FC92 /* white_knight.png */; };
		C3B21EC917F2C27E0080FC92 /* white_mage.png in Resources */ = {isa = PBXBuildFile; fileRef = C3B21EAE17F2C27E0080FC92 /* white_mage.png */; };
		C3BC9FFB17FBCBE700DC1E55 /* SetPlayer1ViewController.m in Sources */ = {isa = PBXBuildFile; fileRef = C3BC9FFA17FBCBE700DC1E55 /* SetPlayer1ViewController.m */; };
		C3BCA00217FBCC6500DC1E55 /* SetPlayer2ViewController.m in Sources */ = {isa = PBXBuildFile; fileRef = C3BCA00117FBCC6500DC1E55 /* SetPlayer2ViewController.m */; };
		C3BCA00A17FBDDA500DC1E55 /* highlighted_grass.png in Resources */ = {isa = PBXBuildFile; fileRef = C3BCA00817FBDDA500DC1E55 /* highlighted_grass.png */; };
		C3CB927817E97D2700A8E255 /* UIKit.framework in Frameworks */ = {isa = PBXBuildFile; fileRef = C3CB927717E97D2700A8E255 /* UIKit.framework */; };
		C3CB927A17E97D2700A8E255 /* Foundation.framework in Frameworks */ = {isa = PBXBuildFile; fileRef = C3CB927917E97D2700A8E255 /* Foundation.framework */; };
		C3CB927C17E97D2700A8E255 /* CoreGraphics.framework in Frameworks */ = {isa = PBXBuildFile; fileRef = C3CB927B17E97D2700A8E255 /* CoreGraphics.framework */; };
		C3CB928217E97D2700A8E255 /* InfoPlist.strings in Resources */ = {isa = PBXBuildFile; fileRef = C3CB928017E97D2700A8E255 /* InfoPlist.strings */; };
		C3CB928417E97D2700A8E255 /* main.m in Sources */ = {isa = PBXBuildFile; fileRef = C3CB928317E97D2700A8E255 /* main.m */; };
		C3CB928817E97D2700A8E255 /* AppDelegate.m in Sources */ = {isa = PBXBuildFile; fileRef = C3CB928717E97D2700A8E255 /* AppDelegate.m */; };
		C3CB928A17E97D2700A8E255 /* Default.png in Resources */ = {isa = PBXBuildFile; fileRef = C3CB928917E97D2700A8E255 /* Default.png */; };
		C3CB928C17E97D2700A8E255 /* Default@2x.png in Resources */ = {isa = PBXBuildFile; fileRef = C3CB928B17E97D2700A8E255 /* Default@2x.png */; };
		C3CB928E17E97D2700A8E255 /* Default-568h@2x.png in Resources */ = {isa = PBXBuildFile; fileRef = C3CB928D17E97D2700A8E255 /* Default-568h@2x.png */; };
		C3CB929117E97D2700A8E255 /* MainStoryboard.storyboard in Resources */ = {isa = PBXBuildFile; fileRef = C3CB928F17E97D2700A8E255 /* MainStoryboard.storyboard */; };
		C3CB929417E97D2700A8E255 /* ViewController.m in Sources */ = {isa = PBXBuildFile; fileRef = C3CB929317E97D2700A8E255 /* ViewController.m */; };
		C3F6EB5317ED34CD0085F7DF /* InGameViewController.m in Sources */ = {isa = PBXBuildFile; fileRef = C3F6EB5217ED34CD0085F7DF /* InGameViewController.m */; };
		C3F6EB5717ED3BCA0085F7DF /* Tile.m in Sources */ = {isa = PBXBuildFile; fileRef = C3F6EB5617ED3BCA0085F7DF /* Tile.m */; };
		C3F6EB5D17ED41F00085F7DF /* Unit.m in Sources */ = {isa = PBXBuildFile; fileRef = C3F6EB5C17ED41F00085F7DF /* Unit.m */; };
/* End PBXBuildFile section */

/* Begin PBXFileReference section */
		C33FAB3F180291BD00622E5D /* CREDITSBUTTON.png */ = {isa = PBXFileReference; lastKnownFileType = image.png; path = CREDITSBUTTON.png; sourceTree = "<group>"; };
		C33FAB40180291BD00622E5D /* GUIDEBUTTON.png */ = {isa = PBXFileReference; lastKnownFileType = image.png; path = GUIDEBUTTON.png; sourceTree = "<group>"; };
		C33FAB41180291BD00622E5D /* LOGO.png */ = {isa = PBXFileReference; lastKnownFileType = image.png; path = LOGO.png; sourceTree = "<group>"; };
		C33FAB42180291BD00622E5D /* LOGO57.png */ = {isa = PBXFileReference; lastKnownFileType = image.png; path = LOGO57.png; sourceTree = "<group>"; };
		C33FAB43180291BD00622E5D /* PLAYBUTTON.png */ = {isa = PBXFileReference; lastKnownFileType = image.png; path = PLAYBUTTON.png; sourceTree = "<group>"; };
		C33FAB4A180291E200622E5D /* LOGO57.png */ = {isa = PBXFileReference; lastKnownFileType = image.png; path = LOGO57.png; sourceTree = "<group>"; };
		C33FAB4C180294FE00622E5D /* credits.png */ = {isa = PBXFileReference; lastKnownFileType = image.png; path = credits.png; sourceTree = "<group>"; };
		C33FAB4E1802959400622E5D /* bggame.png */ = {isa = PBXFileReference; lastKnownFileType = image.png; path = bggame.png; sourceTree = "<group>"; };
		C33FAB5218029D5C00622E5D /* guideaa 2.png */ = {isa = PBXFileReference; lastKnownFileType = image.png; path = "guideaa 2.png"; sourceTree = "<group>"; };
		C33FAB691803A5FF00622E5D /* archer.wav */ = {isa = PBXFileReference; lastKnownFileType = audio.wav; path = archer.wav; sourceTree = "<group>"; };
		C33FAB6A1803A5FF00622E5D /* knight.wav */ = {isa = PBXFileReference; lastKnownFileType = audio.wav; path = knight.wav; sourceTree = "<group>"; };
		C33FAB711803A75D00622E5D /* AudioToolbox.framework */ = {isa = PBXFileReference; lastKnownFileType = wrapper.framework; name = AudioToolbox.framework; path = System/Library/Frameworks/AudioToolbox.framework; sourceTree = SDKROOT; };
		C33FAB741803AB7600622E5D /* open.wav */ = {isa = PBXFileReference; lastKnownFileType = audio.wav; path = open.wav; sourceTree = "<group>"; };
		C33FAB791803AD4100622E5D /* mg.wav */ = {isa = PBXFileReference; lastKnownFileType = audio.wav; path = mg.wav; sourceTree = "<group>"; };
		C33FAB7B1803AEEB00622E5D /* die.wav */ = {isa = PBXFileReference; lastKnownFileType = audio.wav; path = die.wav; sourceTree = "<group>"; };
		C33FAB7C1803AEEB00622E5D /* gameover.wav */ = {isa = PBXFileReference; lastKnownFileType = audio.wav; path = gameover.wav; sourceTree = "<group>"; };
		C38D770917FE9C4000BA910D /* selected_white_scout.png */ = {isa = PBXFileReference; lastKnownFileType = image.png; path = selected_white_scout.png; sourceTree = "<group>"; };
		C3B21E9417F2C27E0080FC92 /* scout_icon.png */ = {isa = PBXFileReference; lastKnownFileType = image.png; path = scout_icon.png; sourceTree = "<group>"; };
		C3B21E9517F2C27E0080FC92 /* black_scout.png */ = {isa = PBXFileReference; lastKnownFileType = image.png; path = black_scout.png; sourceTree = "<group>"; };
		C3B21E9617F2C27E0080FC92 /* black_knight.png */ = {isa = PBXFileReference; lastKnownFileType = image.png; path = black_knight.png; sourceTree = "<group>"; };
		C3B21E9717F2C27E0080FC92 /* black_mage.png */ = {isa = PBXFileReference; lastKnownFileType = image.png; path = black_mage.png; sourceTree = "<group>"; };
		C3B21E9817F2C27E0080FC92 /* blank.png */ = {isa = PBXFileReference; lastKnownFileType = image.png; path = blank.png; sourceTree = "<group>"; };
		C3B21E9917F2C27E0080FC92 /* damage.png */ = {isa = PBXFileReference; lastKnownFileType = image.png; path = damage.png; sourceTree = "<group>"; };
		C3B21E9A17F2C27E0080FC92 /* grass.png */ = {isa = PBXFileReference; lastKnownFileType = image.png; path = grass.png; sourceTree = "<group>"; };
		C3B21E9B17F2C27E0080FC92 /* highlighted_black_scout.png */ = {isa = PBXFileReference; lastKnownFileType = image.png; path = highlighted_black_scout.png; sourceTree = "<group>"; };
		C3B21E9C17F2C27E0080FC92 /* highlighted_black_knight.png */ = {isa = PBXFileReference; lastKnownFileType = image.png; path = highlighted_black_knight.png; sourceTree = "<group>"; };
		C3B21E9D17F2C27E0080FC92 /* highlighted_black_mage.png */ = {isa = PBXFileReference; lastKnownFileType = image.png; path = highlighted_black_mage.png; sourceTree = "<group>"; };
		C3B21E9E17F2C27E0080FC92 /* highlighted_white_scout.png */ = {isa = PBXFileReference; lastKnownFileType = image.png; path = highlighted_white_scout.png; sourceTree = "<group>"; };
		C3B21E9F17F2C27E0080FC92 /* highlighted_white_knight.png */ = {isa = PBXFileReference; lastKnownFileType = image.png; path = highlighted_white_knight.png; sourceTree = "<group>"; };
		C3B21EA017F2C27E0080FC92 /* highlighted_white_mage.png */ = {isa = PBXFileReference; lastKnownFileType = image.png; path = highlighted_white_mage.png; sourceTree = "<group>"; };
		C3B21EA117F2C27E0080FC92 /* knight_icon.png */ = {isa = PBXFileReference; lastKnownFileType = image.png; path = knight_icon.png; sourceTree = "<group>"; };
		C3B21EA217F2C27E0080FC92 /* mage_icon.png */ = {isa = PBXFileReference; lastKnownFileType = image.png; path = mage_icon.png; sourceTree = "<group>"; };
		C3B21EA317F2C27E0080FC92 /* mana_cost.png */ = {isa = PBXFileReference; lastKnownFileType = image.png; path = mana_cost.png; sourceTree = "<group>"; };
		C3B21EA417F2C27E0080FC92 /* move.png */ = {isa = PBXFileReference; lastKnownFileType = image.png; path = move.png; sourceTree = "<group>"; };
		C3B21EA517F2C27E0080FC92 /* range.png */ = {isa = PBXFileReference; lastKnownFileType = image.png; path = range.png; sourceTree = "<group>"; };
		C3B21EA617F2C27E0080FC92 /* selected_black_scout.png */ = {isa = PBXFileReference; lastKnownFileType = image.png; path = selected_black_scout.png; sourceTree = "<group>"; };
		C3B21EA717F2C27E0080FC92 /* selected_black_knight.png */ = {isa = PBXFileReference; lastKnownFileType = image.png; path = selected_black_knight.png; sourceTree = "<group>"; };
		C3B21EA817F2C27E0080FC92 /* selected_black_mage.png */ = {isa = PBXFileReference; lastKnownFileType = image.png; path = selected_black_mage.png; sourceTree = "<group>"; };
		C3B21EAA17F2C27E0080FC92 /* selected_white_knight.png */ = {isa = PBXFileReference; lastKnownFileType = image.png; path = selected_white_knight.png; sourceTree = "<group>"; };
		C3B21EAB17F2C27E0080FC92 /* selected_white_mage.png */ = {isa = PBXFileReference; lastKnownFileType = image.png; path = selected_white_mage.png; sourceTree = "<group>"; };
		C3B21EAC17F2C27E0080FC92 /* white_scout.png */ = {isa = PBXFileReference; lastKnownFileType = image.png; path = white_scout.png; sourceTree = "<group>"; };
		C3B21EAD17F2C27E0080FC92 /* white_knight.png */ = {isa = PBXFileReference; lastKnownFileType = image.png; path = white_knight.png; sourceTree = "<group>"; };
		C3B21EAE17F2C27E0080FC92 /* white_mage.png */ = {isa = PBXFileReference; lastKnownFileType = image.png; path = white_mage.png; sourceTree = "<group>"; };
		C3BC9FF917FBCBE700DC1E55 /* SetPlayer1ViewController.h */ = {isa = PBXFileReference; fileEncoding = 4; lastKnownFileType = sourcecode.c.h; path = SetPlayer1ViewController.h; sourceTree = "<group>"; };
		C3BC9FFA17FBCBE700DC1E55 /* SetPlayer1ViewController.m */ = {isa = PBXFileReference; fileEncoding = 4; lastKnownFileType = sourcecode.c.objc; path = SetPlayer1ViewController.m; sourceTree = "<group>"; };
		C3BCA00017FBCC6500DC1E55 /* SetPlayer2ViewController.h */ = {isa = PBXFileReference; fileEncoding = 4; lastKnownFileType = sourcecode.c.h; path = SetPlayer2ViewController.h; sourceTree = "<group>"; };
		C3BCA00117FBCC6500DC1E55 /* SetPlayer2ViewController.m */ = {isa = PBXFileReference; fileEncoding = 4; lastKnownFileType = sourcecode.c.objc; path = SetPlayer2ViewController.m; sourceTree = "<group>"; };
		C3BCA00817FBDDA500DC1E55 /* highlighted_grass.png */ = {isa = PBXFileReference; lastKnownFileType = image.png; path = highlighted_grass.png; sourceTree = "<group>"; };
		C3CB927317E97D2700A8E255 /* CpE76_Tackticus.app */ = {isa = PBXFileReference; explicitFileType = wrapper.application; includeInIndex = 0; path = CpE76_Tackticus.app; sourceTree = BUILT_PRODUCTS_DIR; };
		C3CB927717E97D2700A8E255 /* UIKit.framework */ = {isa = PBXFileReference; lastKnownFileType = wrapper.framework; name = UIKit.framework; path = System/Library/Frameworks/UIKit.framework; sourceTree = SDKROOT; };
		C3CB927917E97D2700A8E255 /* Foundation.framework */ = {isa = PBXFileReference; lastKnownFileType = wrapper.framework; name = Foundation.framework; path = System/Library/Frameworks/Foundation.framework; sourceTree = SDKROOT; };
		C3CB927B17E97D2700A8E255 /* CoreGraphics.framework */ = {isa = PBXFileReference; lastKnownFileType = wrapper.framework; name = CoreGraphics.framework; path = System/Library/Frameworks/CoreGraphics.framework; sourceTree = SDKROOT; };
		C3CB927F17E97D2700A8E255 /* CpE76_Tackticus-Info.plist */ = {isa = PBXFileReference; lastKnownFileType = text.plist.xml; path = "CpE76_Tackticus-Info.plist"; sourceTree = "<group>"; };
		C3CB928117E97D2700A8E255 /* en */ = {isa = PBXFileReference; lastKnownFileType = text.plist.strings; name = en; path = en.lproj/InfoPlist.strings; sourceTree = "<group>"; };
		C3CB928317E97D2700A8E255 /* main.m */ = {isa = PBXFileReference; lastKnownFileType = sourcecode.c.objc; path = main.m; sourceTree = "<group>"; };
		C3CB928517E97D2700A8E255 /* CpE76_Tackticus-Prefix.pch */ = {isa = PBXFileReference; lastKnownFileType = sourcecode.c.h; path = "CpE76_Tackticus-Prefix.pch"; sourceTree = "<group>"; };
		C3CB928617E97D2700A8E255 /* AppDelegate.h */ = {isa = PBXFileReference; lastKnownFileType = sourcecode.c.h; path = AppDelegate.h; sourceTree = "<group>"; };
		C3CB928717E97D2700A8E255 /* AppDelegate.m */ = {isa = PBXFileReference; lastKnownFileType = sourcecode.c.objc; path = AppDelegate.m; sourceTree = "<group>"; };
		C3CB928917E97D2700A8E255 /* Default.png */ = {isa = PBXFileReference; lastKnownFileType = image.png; path = Default.png; sourceTree = "<group>"; };
		C3CB928B17E97D2700A8E255 /* Default@2x.png */ = {isa = PBXFileReference; lastKnownFileType = image.png; path = "Default@2x.png"; sourceTree = "<group>"; };
		C3CB928D17E97D2700A8E255 /* Default-568h@2x.png */ = {isa = PBXFileReference; lastKnownFileType = image.png; path = "Default-568h@2x.png"; sourceTree = "<group>"; };
		C3CB929017E97D2700A8E255 /* en */ = {isa = PBXFileReference; lastKnownFileType = file.storyboard; name = en; path = en.lproj/MainStoryboard.storyboard; sourceTree = "<group>"; };
		C3CB929217E97D2700A8E255 /* ViewController.h */ = {isa = PBXFileReference; lastKnownFileType = sourcecode.c.h; path = ViewController.h; sourceTree = "<group>"; };
		C3CB929317E97D2700A8E255 /* ViewController.m */ = {isa = PBXFileReference; lastKnownFileType = sourcecode.c.objc; path = ViewController.m; sourceTree = "<group>"; };
		C3F6EB5117ED34CD0085F7DF /* InGameViewController.h */ = {isa = PBXFileReference; fileEncoding = 4; lastKnownFileType = sourcecode.c.h; path = InGameViewController.h; sourceTree = "<group>"; };
		C3F6EB5217ED34CD0085F7DF /* InGameViewController.m */ = {isa = PBXFileReference; fileEncoding = 4; lastKnownFileType = sourcecode.c.objc; path = InGameViewController.m; sourceTree = "<group>"; };
		C3F6EB5517ED3BCA0085F7DF /* Tile.h */ = {isa = PBXFileReference; fileEncoding = 4; lastKnownFileType = sourcecode.c.h; path = Tile.h; sourceTree = "<group>"; };
		C3F6EB5617ED3BCA0085F7DF /* Tile.m */ = {isa = PBXFileReference; fileEncoding = 4; lastKnownFileType = sourcecode.c.objc; path = Tile.m; sourceTree = "<group>"; };
		C3F6EB5B17ED41F00085F7DF /* Unit.h */ = {isa = PBXFileReference; fileEncoding = 4; lastKnownFileType = sourcecode.c.h; path = Unit.h; sourceTree = "<group>"; };
		C3F6EB5C17ED41F00085F7DF /* Unit.m */ = {isa = PBXFileReference; fileEncoding = 4; lastKnownFileType = sourcecode.c.objc; path = Unit.m; sourceTree = "<group>"; };
/* End PBXFileReference section */

/* Begin PBXFrameworksBuildPhase section */
		C3CB927017E97D2700A8E255 /* Frameworks */ = {
			isa = PBXFrameworksBuildPhase;
			buildActionMask = 2147483647;
			files = (
				C3CB927817E97D2700A8E255 /* UIKit.framework in Frameworks */,
				C3CB927A17E97D2700A8E255 /* Foundation.framework in Frameworks */,
				C3CB927C17E97D2700A8E255 /* CoreGraphics.framework in Frameworks */,
				C33FAB721803A75D00622E5D /* AudioToolbox.framework in Frameworks */,
			);
			runOnlyForDeploymentPostprocessing = 0;
		};
/* End PBXFrameworksBuildPhase section */

/* Begin PBXGroup section */
		C3B21E9317F2C2620080FC92 /* Resources */ = {
			isa = PBXGroup;
			children = (
				C33FAB7B1803AEEB00622E5D /* die.wav */,
				C33FAB7C1803AEEB00622E5D /* gameover.wav */,
				C33FAB791803AD4100622E5D /* mg.wav */,
				C33FAB741803AB7600622E5D /* open.wav */,
				C33FAB691803A5FF00622E5D /* archer.wav */,
				C33FAB6A1803A5FF00622E5D /* knight.wav */,
				C33FAB5218029D5C00622E5D /* guideaa 2.png */,
				C33FAB4E1802959400622E5D /* bggame.png */,
				C33FAB4C180294FE00622E5D /* credits.png */,
				C33FAB3F180291BD00622E5D /* CREDITSBUTTON.png */,
				C33FAB40180291BD00622E5D /* GUIDEBUTTON.png */,
				C33FAB41180291BD00622E5D /* LOGO.png */,
				C33FAB42180291BD00622E5D /* LOGO57.png */,
				C33FAB43180291BD00622E5D /* PLAYBUTTON.png */,
				C38D770917FE9C4000BA910D /* selected_white_scout.png */,
				C3BCA00817FBDDA500DC1E55 /* highlighted_grass.png */,
				C3B21E9417F2C27E0080FC92 /* scout_icon.png */,
				C3B21E9517F2C27E0080FC92 /* black_scout.png */,
				C3B21E9617F2C27E0080FC92 /* black_knight.png */,
				C3B21E9717F2C27E0080FC92 /* black_mage.png */,
				C3B21E9817F2C27E0080FC92 /* blank.png */,
				C3B21E9917F2C27E0080FC92 /* damage.png */,
				C3B21E9A17F2C27E0080FC92 /* grass.png */,
				C3B21E9B17F2C27E0080FC92 /* highlighted_black_scout.png */,
				C3B21E9C17F2C27E0080FC92 /* highlighted_black_knight.png */,
				C3B21E9D17F2C27E0080FC92 /* highlighted_black_mage.png */,
				C3B21E9E17F2C27E0080FC92 /* highlighted_white_scout.png */,
				C3B21E9F17F2C27E0080FC92 /* highlighted_white_knight.png */,
				C3B21EA017F2C27E0080FC92 /* highlighted_white_mage.png */,
				C3B21EA117F2C27E0080FC92 /* knight_icon.png */,
				C3B21EA217F2C27E0080FC92 /* mage_icon.png */,
				C3B21EA317F2C27E0080FC92 /* mana_cost.png */,
				C3B21EA417F2C27E0080FC92 /* move.png */,
				C3B21EA517F2C27E0080FC92 /* range.png */,
				C3B21EA617F2C27E0080FC92 /* selected_black_scout.png */,
				C3B21EA717F2C27E0080FC92 /* selected_black_knight.png */,
				C3B21EA817F2C27E0080FC92 /* selected_black_mage.png */,
				C3B21EAA17F2C27E0080FC92 /* selected_white_knight.png */,
				C3B21EAB17F2C27E0080FC92 /* selected_white_mage.png */,
				C3B21EAC17F2C27E0080FC92 /* white_scout.png */,
				C3B21EAD17F2C27E0080FC92 /* white_knight.png */,
				C3B21EAE17F2C27E0080FC92 /* white_mage.png */,
			);
			name = Resources;
			sourceTree = "<group>";
		};
		C3CB926817E97D2700A8E255 = {
			isa = PBXGroup;
			children = (
				C33FAB4A180291E200622E5D /* LOGO57.png */,
				C3CB927D17E97D2700A8E255 /* CpE76_Tackticus */,
				C3CB927617E97D2700A8E255 /* Frameworks */,
				C3CB927417E97D2700A8E255 /* Products */,
			);
			sourceTree = "<group>";
		};
		C3CB927417E97D2700A8E255 /* Products */ = {
			isa = PBXGroup;
			children = (
				C3CB927317E97D2700A8E255 /* CpE76_Tackticus.app */,
			);
			name = Products;
			sourceTree = "<group>";
		};
		C3CB927617E97D2700A8E255 /* Frameworks */ = {
			isa = PBXGroup;
			children = (
				C33FAB711803A75D00622E5D /* AudioToolbox.framework */,
				C3CB927717E97D2700A8E255 /* UIKit.framework */,
				C3CB927917E97D2700A8E255 /* Foundation.framework */,
				C3CB927B17E97D2700A8E255 /* CoreGraphics.framework */,
			);
			name = Frameworks;
			sourceTree = "<group>";
		};
		C3CB927D17E97D2700A8E255 /* CpE76_Tackticus */ = {
			isa = PBXGroup;
			children = (
				C3B21E9317F2C2620080FC92 /* Resources */,
				C3CB928617E97D2700A8E255 /* AppDelegate.h */,
				C3CB928717E97D2700A8E255 /* AppDelegate.m */,
				C3F6EB5117ED34CD0085F7DF /* InGameViewController.h */,
				C3F6EB5217ED34CD0085F7DF /* InGameViewController.m */,
				C3CB928F17E97D2700A8E255 /* MainStoryboard.storyboard */,
				C3BC9FF917FBCBE700DC1E55 /* SetPlayer1ViewController.h */,
				C3BC9FFA17FBCBE700DC1E55 /* SetPlayer1ViewController.m */,
				C3BCA00017FBCC6500DC1E55 /* SetPlayer2ViewController.h */,
				C3BCA00117FBCC6500DC1E55 /* SetPlayer2ViewController.m */,
				C3CB929217E97D2700A8E255 /* ViewController.h */,
				C3CB929317E97D2700A8E255 /* ViewController.m */,
				C3CB927E17E97D2700A8E255 /* Supporting Files */,
				C3F6EB5517ED3BCA0085F7DF /* Tile.h */,
				C3F6EB5617ED3BCA0085F7DF /* Tile.m */,
				C3F6EB5B17ED41F00085F7DF /* Unit.h */,
				C3F6EB5C17ED41F00085F7DF /* Unit.m */,
			);
			path = CpE76_Tackticus;
			sourceTree = "<group>";
		};
		C3CB927E17E97D2700A8E255 /* Supporting Files */ = {
			isa = PBXGroup;
			children = (
				C3CB927F17E97D2700A8E255 /* CpE76_Tackticus-Info.plist */,
				C3CB928017E97D2700A8E255 /* InfoPlist.strings */,
				C3CB928317E97D2700A8E255 /* main.m */,
				C3CB928517E97D2700A8E255 /* CpE76_Tackticus-Prefix.pch */,
				C3CB928917E97D2700A8E255 /* Default.png */,
				C3CB928B17E97D2700A8E255 /* Default@2x.png */,
				C3CB928D17E97D2700A8E255 /* Default-568h@2x.png */,
			);
			name = "Supporting Files";
			sourceTree = "<group>";
		};
/* End PBXGroup section */

/* Begin PBXNativeTarget section */
		C3CB927217E97D2700A8E255 /* CpE76_Tackticus */ = {
			isa = PBXNativeTarget;
			buildConfigurationList = C3CB929717E97D2700A8E255 /* Build configuration list for PBXNativeTarget "CpE76_Tackticus" */;
			buildPhases = (
				C3CB926F17E97D2700A8E255 /* Sources */,
				C3CB927017E97D2700A8E255 /* Frameworks */,
				C3CB927117E97D2700A8E255 /* Resources */,
			);
			buildRules = (
			);
			dependencies = (
			);
			name = CpE76_Tackticus;
			productName = CpE76_Tackticus;
			productReference = C3CB927317E97D2700A8E255 /* CpE76_Tackticus.app */;
			productType = "com.apple.product-type.application";
		};
/* End PBXNativeTarget section */

/* Begin PBXProject section */
		C3CB926A17E97D2700A8E255 /* Project object */ = {
			isa = PBXProject;
			attributes = {
				LastUpgradeCheck = 0450;
				ORGANIZATIONNAME = "Line of Awesome";
			};
			buildConfigurationList = C3CB926D17E97D2700A8E255 /* Build configuration list for PBXProject "CpE76_Tackticus" */;
			compatibilityVersion = "Xcode 3.2";
			developmentRegion = English;
			hasScannedForEncodings = 0;
			knownRegions = (
				en,
			);
			mainGroup = C3CB926817E97D2700A8E255;
			productRefGroup = C3CB927417E97D2700A8E255 /* Products */;
			projectDirPath = "";
			projectRoot = "";
			targets = (
				C3CB927217E97D2700A8E255 /* CpE76_Tackticus */,
			);
		};
/* End PBXProject section */

/* Begin PBXResourcesBuildPhase section */
		C3CB927117E97D2700A8E255 /* Resources */ = {
			isa = PBXResourcesBuildPhase;
			buildActionMask = 2147483647;
			files = (
				C3CB928217E97D2700A8E255 /* InfoPlist.strings in Resources */,
				C3CB928A17E97D2700A8E255 /* Default.png in Resources */,
				C3CB928C17E97D2700A8E255 /* Default@2x.png in Resources */,
				C3CB928E17E97D2700A8E255 /* Default-568h@2x.png in Resources */,
				C3CB929117E97D2700A8E255 /* MainStoryboard.storyboard in Resources */,
				C3B21EAF17F2C27E0080FC92 /* scout_icon.png in Resources */,
				C3B21EB017F2C27E0080FC92 /* black_scout.png in Resources */,
				C3B21EB117F2C27E0080FC92 /* black_knight.png in Resources */,
				C3B21EB217F2C27E0080FC92 /* black_mage.png in Resources */,
				C3B21EB317F2C27E0080FC92 /* blank.png in Resources */,
				C3B21EB417F2C27E0080FC92 /* damage.png in Resources */,
				C3B21EB517F2C27E0080FC92 /* grass.png in Resources */,
				C3B21EB617F2C27E0080FC92 /* highlighted_black_scout.png in Resources */,
				C3B21EB717F2C27E0080FC92 /* highlighted_black_knight.png in Resources */,
				C3B21EB817F2C27E0080FC92 /* highlighted_black_mage.png in Resources */,
				C3B21EB917F2C27E0080FC92 /* highlighted_white_scout.png in Resources */,
				C3B21EBA17F2C27E0080FC92 /* highlighted_white_knight.png in Resources */,
				C3B21EBB17F2C27E0080FC92 /* highlighted_white_mage.png in Resources */,
				C3B21EBC17F2C27E0080FC92 /* knight_icon.png in Resources */,
				C3B21EBD17F2C27E0080FC92 /* mage_icon.png in Resources */,
				C3B21EBE17F2C27E0080FC92 /* mana_cost.png in Resources */,
				C3B21EBF17F2C27E0080FC92 /* move.png in Resources */,
				C3B21EC017F2C27E0080FC92 /* range.png in Resources */,
				C3B21EC117F2C27E0080FC92 /* selected_black_scout.png in Resources */,
				C3B21EC217F2C27E0080FC92 /* selected_black_knight.png in Resources */,
				C3B21EC317F2C27E0080FC92 /* selected_black_mage.png in Resources */,
				C3B21EC517F2C27E0080FC92 /* selected_white_knight.png in Resources */,
				C3B21EC617F2C27E0080FC92 /* selected_white_mage.png in Resources */,
				C3B21EC717F2C27E0080FC92 /* white_scout.png in Resources */,
				C3B21EC817F2C27E0080FC92 /* white_knight.png in Resources */,
				C3B21EC917F2C27E0080FC92 /* white_mage.png in Resources */,
				C3BCA00A17FBDDA500DC1E55 /* highlighted_grass.png in Resources */,
				C38D770A17FE9C4000BA910D /* selected_white_scout.png in Resources */,
				C33FAB44180291BD00622E5D /* CREDITSBUTTON.png in Resources */,
				C33FAB45180291BD00622E5D /* GUIDEBUTTON.png in Resources */,
				C33FAB46180291BD00622E5D /* LOGO.png in Resources */,
				C33FAB47180291BD00622E5D /* LOGO57.png in Resources */,
				C33FAB48180291BD00622E5D /* PLAYBUTTON.png in Resources */,
				C33FAB4B180291E200622E5D /* LOGO57.png in Resources */,
				C33FAB4D180294FE00622E5D /* credits.png in Resources */,
				C33FAB4F1802959400622E5D /* bggame.png in Resources */,
				C33FAB5318029D5C00622E5D /* guideaa 2.png in Resources */,
				C33FAB6D1803A5FF00622E5D /* archer.wav in Resources */,
				C33FAB6E1803A5FF00622E5D /* knight.wav in Resources */,
				C33FAB761803AB7600622E5D /* open.wav in Resources */,
				C33FAB7A1803AD4100622E5D /* mg.wav in Resources */,
				C33FAB7D1803AEEB00622E5D /* die.wav in Resources */,
				C33FAB7E1803AEEB00622E5D /* gameover.wav in Resources */,
			);
			runOnlyForDeploymentPostprocessing = 0;
		};
/* End PBXResourcesBuildPhase section */

/* Begin PBXSourcesBuildPhase section */
		C3CB926F17E97D2700A8E255 /* Sources */ = {
			isa = PBXSourcesBuildPhase;
			buildActionMask = 2147483647;
			files = (
				C3CB928417E97D2700A8E255 /* main.m in Sources */,
				C3CB928817E97D2700A8E255 /* AppDelegate.m in Sources */,
				C3CB929417E97D2700A8E255 /* ViewController.m in Sources */,
				C3F6EB5317ED34CD0085F7DF /* InGameViewController.m in Sources */,
				C3F6EB5717ED3BCA0085F7DF /* Tile.m in Sources */,
				C3F6EB5D17ED41F00085F7DF /* Unit.m in Sources */,
				C3BC9FFB17FBCBE700DC1E55 /* SetPlayer1ViewController.m in Sources */,
				C3BCA00217FBCC6500DC1E55 /* SetPlayer2ViewController.m in Sources */,
			);
			runOnlyForDeploymentPostprocessing = 0;
		};
/* End PBXSourcesBuildPhase section */

/* Begin PBXVariantGroup section */
		C3CB928017E97D2700A8E255 /* InfoPlist.strings */ = {
			isa = PBXVariantGroup;
			children = (
				C3CB928117E97D2700A8E255 /* en */,
			);
			name = InfoPlist.strings;
			sourceTree = "<group>";
		};
		C3CB928F17E97D2700A8E255 /* MainStoryboard.storyboard */ = {
			isa = PBXVariantGroup;
			children = (
				C3CB929017E97D2700A8E255 /* en */,
			);
			name = MainStoryboard.storyboard;
			sourceTree = "<group>";
		};
/* End PBXVariantGroup section */

/* Begin XCBuildConfiguration section */
		C3CB929517E97D2700A8E255 /* Debug */ = {
			isa = XCBuildConfiguration;
			buildSettings = {
				ALWAYS_SEARCH_USER_PATHS = NO;
				CLANG_CXX_LANGUAGE_STANDARD = "gnu++0x";
				CLANG_CXX_LIBRARY = "libc++";
				CLANG_ENABLE_OBJC_ARC = YES;
				CLANG_WARN_EMPTY_BODY = YES;
				CLANG_WARN__DUPLICATE_METHOD_MATCH = YES;
				"CODE_SIGN_IDENTITY[sdk=iphoneos*]" = "iPhone Developer";
				COPY_PHASE_STRIP = NO;
				GCC_C_LANGUAGE_STANDARD = gnu99;
				GCC_DYNAMIC_NO_PIC = NO;
				GCC_OPTIMIZATION_LEVEL = 0;
				GCC_PREPROCESSOR_DEFINITIONS = (
					"DEBUG=1",
					"$(inherited)",
				);
				GCC_SYMBOLS_PRIVATE_EXTERN = NO;
				GCC_WARN_ABOUT_RETURN_TYPE = YES;
				GCC_WARN_UNINITIALIZED_AUTOS = YES;
				GCC_WARN_UNUSED_VARIABLE = YES;
				IPHONEOS_DEPLOYMENT_TARGET = 6.0;
				ONLY_ACTIVE_ARCH = YES;
				SDKROOT = iphoneos;
			};
			name = Debug;
		};
		C3CB929617E97D2700A8E255 /* Release */ = {
			isa = XCBuildConfiguration;
			buildSettings = {
				ALWAYS_SEARCH_USER_PATHS = NO;
				CLANG_CXX_LANGUAGE_STANDARD = "gnu++0x";
				CLANG_CXX_LIBRARY = "libc++";
				CLANG_ENABLE_OBJC_ARC = YES;
				CLANG_WARN_EMPTY_BODY = YES;
				CLANG_WARN__DUPLICATE_METHOD_MATCH = YES;
				"CODE_SIGN_IDENTITY[sdk=iphoneos*]" = "iPhone Developer";
				COPY_PHASE_STRIP = YES;
				GCC_C_LANGUAGE_STANDARD = gnu99;
				GCC_WARN_ABOUT_RETURN_TYPE = YES;
				GCC_WARN_UNINITIALIZED_AUTOS = YES;
				GCC_WARN_UNUSED_VARIABLE = YES;
				IPHONEOS_DEPLOYMENT_TARGET = 6.0;
				OTHER_CFLAGS = "-DNS_BLOCK_ASSERTIONS=1";
				SDKROOT = iphoneos;
				VALIDATE_PRODUCT = YES;
			};
			name = Release;
		};
		C3CB929817E97D2700A8E255 /* Debug */ = {
			isa = XCBuildConfiguration;
			buildSettings = {
				FRAMEWORK_SEARCH_PATHS = (
					"$(inherited)",
					"\"$(SRCROOT)\"",
				);
				GCC_PRECOMPILE_PREFIX_HEADER = YES;
				GCC_PREFIX_HEADER = "CpE76_Tackticus/CpE76_Tackticus-Prefix.pch";
				INFOPLIST_FILE = "CpE76_Tackticus/CpE76_Tackticus-Info.plist";
				PRODUCT_NAME = "$(TARGET_NAME)";
				WRAPPER_EXTENSION = app;
			};
			name = Debug;
		};
		C3CB929917E97D2700A8E255 /* Release */ = {
			isa = XCBuildConfiguration;
			buildSettings = {
				FRAMEWORK_SEARCH_PATHS = (
					"$(inherited)",
					"\"$(SRCROOT)\"",
				);
				GCC_PRECOMPILE_PREFIX_HEADER = YES;
				GCC_PREFIX_HEADER = "CpE76_Tackticus/CpE76_Tackticus-Prefix.pch";
				INFOPLIST_FILE = "CpE76_Tackticus/CpE76_Tackticus-Info.plist";
				PRODUCT_NAME = "$(TARGET_NAME)";
				WRAPPER_EXTENSION = app;
			};
			name = Release;
		};
/* End XCBuildConfiguration section */

/* Begin XCConfigurationList section */
		C3CB926D17E97D2700A8E255 /* Build configuration list for PBXProject "CpE76_Tackticus" */ = {
			isa = XCConfigurationList;
			buildConfigurations = (
				C3CB929517E97D2700A8E255 /* Debug */,
				C3CB929617E97D2700A8E255 /* Release */,
			);
			defaultConfigurationIsVisible = 0;
			defaultConfigurationName = Release;
		};
		C3CB929717E97D2700A8E255 /* Build configuration list for PBXNativeTarget "CpE76_Tackticus" */ = {
			isa = XCConfigurationList;
			buildConfigurations = (
				C3CB929817E97D2700A8E255 /* Debug */,
				C3CB929917E97D2700A8E255 /* Release */,
			);
			defaultConfigurationIsVisible = 0;
			defaultConfigurationName = Release;
		};
/* End XCConfigurationList section */
	};
	rootObject = C3CB926A17E97D2700A8E255 /* Project object */;
}
